github.com/bit101/bitlib v0.5.2 h1:n5uw8Vk/BhBgW9FXtUCTgTB6F6PS7rCdkd1PLAGzY6g=
github.com/bit101/bitlib v0.5.2/go.mod h1:d0L7f0E8a21VD7cDuVuIsNyD4yqqxZsvgKxh5Nx433E=
github.com/bit101/bitlib v0.5.5 h1:cNrPVNEFtLRWGXw6/WbbEDs8V98oQ/tu19G2+ysg0SI=
github.com/bit101/bitlib v0.5.5/go.mod h1:/K835luPU+khRWi/n8UW0UCvrrhre6MRELrxRgP0XvI=
github.com/bit101/blcairo v1.3.7 h1:C62rKou//s3DxL+YvCtJCSWai9HCV0psqxY2uhz9Gws=
github.com/bit101/blcairo v1.3.7/go.mod h1:R2EyRz7I8btpjrBXnQSB87mC+0De6NkYV/p07fuArZE=
github.com/bit101/go-ansi v1.5.4 h1:Agd+AzNDF0myP2T57a7usHgJRBLTFfJ26Iq/JR+Bbhg=
github.com/bit101/go-ansi v1.5.4/go.mod h1:7IFt7zupyULqKEDbOkGsDBGu+Bvzu3pYu0Ojnn7aGQQ=
github.com/bit101/lures v0.0.10 h1:Gye/R4cyEEK+ThMGNvuZQ2cSoKL7htlMaNs2q8MUbkU=
github.com/bit101/lures v0.0.10/go.mod h1:5Q1phEw/YZFT+fJN87Mxysgw5k7gCwEiLakWzGRU2GU=
github.com/bit101/wire v0.3.5 h1:bbxR94Hqklzohd4ExUZsrJTILisga/Gd6ZWXxv5KXq0=
github.com/bit101/wire v0.3.5/go.mod h1:cJUdD0ysDcLqQqr02IvZU24ADRkjzpCiBRDg3qRG048=
github.com/bit101/wire v0.3.6 h1:IucBOr2Q4kRXXNjK4RrAdYoM02rbhHXt+Eqtmqhg/bM=
github.com/bit101/wire v0.3.6/go.mod h1:cJUdD0ysDcLqQqr02IvZU24ADRkjzpCiBRDg3qRG048=
golang.org/x/sys v0.13.0 h1:Af8nKPmuFypiUBjVoU9V20FiaFXOcuZI21p0ycVYYGE=
golang.org/x/sys v0.13.0/go.mod h1:oPkhp1MJrh7nUepCBck5+mAzfO9JrbApNNgaTdGDITg=
golang.org/x/term v0.13.0 h1:bb+I9cTfFazGW51MZqBVmZy7+JEJMouUHTUSKVQLBek=
golang.org/x/term v0.13.0/go.mod h1:LTmsnFJwVN6bCy1rVCoS+qHT1HhALEFxKncY3WNNh4U=
