github.com/bit101/bitlib v0.5.3 h1:xtvlG9FBFsCiQJoIR2Iz8ZJJZBI0KDhJ9xU8+93mX8M=
github.com/bit101/bitlib v0.5.3/go.mod h1:d0L7f0E8a21VD7cDuVuIsNyD4yqqxZsvgKxh5Nx433E=
github.com/bit101/blcairo v1.3.7 h1:C62rKou//s3DxL+YvCtJCSWai9HCV0psqxY2uhz9Gws=
github.com/bit101/blcairo v1.3.7/go.mod h1:R2EyRz7I8btpjrBXnQSB87mC+0De6NkYV/p07fuArZE=
github.com/bit101/go-ansi v1.5.1 h1:iFR7XPLK0Kt4lkxhpH4r5gwhE39JldIWMr7kHCDQbcc=
github.com/bit101/go-ansi v1.5.1/go.mod h1:7IFt7zupyULqKEDbOkGsDBGu+Bvzu3pYu0Ojnn7aGQQ=
github.com/bit101/lures v0.0.5 h1:007Yza7W18D8rdYiaZ0DcWDqiaXLo7HyHNM2pauWv+I=
github.com/bit101/lures v0.0.5/go.mod h1:5Q1phEw/YZFT+fJN87Mxysgw5k7gCwEiLakWzGRU2GU=
github.com/bit101/lures v0.0.6 h1:Ny9ll2z8stnuEkVCpzsBw2LwW/+JY9//XaWJpH/Zb3Q=
github.com/bit101/lures v0.0.6/go.mod h1:5Q1phEw/YZFT+fJN87Mxysgw5k7gCwEiLakWzGRU2GU=
github.com/bit101/lures v0.0.7 h1:sbUbZ3UryLDBHl3RBhNwXyWS4/ttaSMDpY4r1p9o9Rw=
github.com/bit101/lures v0.0.7/go.mod h1:5Q1phEw/YZFT+fJN87Mxysgw5k7gCwEiLakWzGRU2GU=
github.com/bit101/wire v0.2.1 h1:vq8FttXoxilDI5O0HaUzUut5vDfenpiDZMRlgYlunTg=
github.com/bit101/wire v0.2.1/go.mod h1:cJUdD0ysDcLqQqr02IvZU24ADRkjzpCiBRDg3qRG048=
golang.org/x/sys v0.13.0 h1:Af8nKPmuFypiUBjVoU9V20FiaFXOcuZI21p0ycVYYGE=
golang.org/x/sys v0.13.0/go.mod h1:oPkhp1MJrh7nUepCBck5+mAzfO9JrbApNNgaTdGDITg=
golang.org/x/term v0.13.0 h1:bb+I9cTfFazGW51MZqBVmZy7+JEJMouUHTUSKVQLBek=
golang.org/x/term v0.13.0/go.mod h1:LTmsnFJwVN6bCy1rVCoS+qHT1HhALEFxKncY3WNNh4U=
